
Microsoft Visual Studio Solution File, Format Version 12.00
# Visual Studio Version 16
VisualStudioVersion = 16.0.30717.126
MinimumVisualStudioVersion = 10.0.40219.1
Project("{FAE04EC0-301F-11D3-BF4B-00C04F79EFBC}") = "Deliverable2", "Deliverable2\Deliverable2.csproj", "{525E7742-71DB-4772-9C44-05B9ABA90634}"
EndProject
Global
	GlobalSection(SolutionConfigurationPlatforms) = preSolution
		Debug|Any CPU = Debug|Any CPU
		Release|Any CPU = Release|Any CPU
	EndGlobalSection
	GlobalSection(ProjectConfigurationPlatforms) = postSolution
		{525E7742-71DB-4772-9C44-05B9ABA90634}.Debug|Any CPU.ActiveCfg = Debug|Any CPU
		{525E7742-71DB-4772-9C44-05B9ABA90634}.Debug|Any CPU.Build.0 = Debug|Any CPU
		{525E7742-71DB-4772-9C44-05B9ABA90634}.Release|Any CPU.ActiveCfg = Release|Any CPU
		{525E7742-71DB-4772-9C44-05B9ABA90634}.Release|Any CPU.Build.0 = Release|Any CPU
	EndGlobalSection
	GlobalSection(SolutionProperties) = preSolution
		HideSolutionNode = FALSE
	EndGlobalSection
	GlobalSection(ExtensibilityGlobals) = postSolution
		SolutionGuid = {EE839921-74EE-4344-8651-B374442E5A61}
	EndGlobalSection
EndGlobal
